
Microsoft Visual Studio Solution File, Format Version 12.00
Project("{FAE04EC0-301F-11D3-BF4B-00C04F79EFBC}") = "task1", "task1\task1.csproj", "{C12821E8-31C8-4B63-93FB-C9C75168D139}"
EndProject
Project("{FAE04EC0-301F-11D3-BF4B-00C04F79EFBC}") = "task2", "task2\task2.csproj", "{394DC33E-F9B1-4FE7-8AA6-9A1C43AAE9CC}"
EndProject
Project("{FAE04EC0-301F-11D3-BF4B-00C04F79EFBC}") = "task3", "task3\task3.csproj", "{9418E664-46A2-48CC-9E93-D616AD82F1A3}"
EndProject
Project("{FAE04EC0-301F-11D3-BF4B-00C04F79EFBC}") = "task4", "task4\task4.csproj", "{B26262F9-2399-4DD4-85E3-BB298AAA0F6C}"
EndProject
Project("{FAE04EC0-301F-11D3-BF4B-00C04F79EFBC}") = "task5", "task5\task5.csproj", "{FF68AB48-9E8C-47A0-9459-841DB640B1D6}"
EndProject
Global
	GlobalSection(SolutionConfigurationPlatforms) = preSolution
		Debug|Any CPU = Debug|Any CPU
		Release|Any CPU = Release|Any CPU
	EndGlobalSection
	GlobalSection(ProjectConfigurationPlatforms) = postSolution
		{C12821E8-31C8-4B63-93FB-C9C75168D139}.Debug|Any CPU.ActiveCfg = Debug|Any CPU
		{C12821E8-31C8-4B63-93FB-C9C75168D139}.Debug|Any CPU.Build.0 = Debug|Any CPU
		{C12821E8-31C8-4B63-93FB-C9C75168D139}.Release|Any CPU.ActiveCfg = Release|Any CPU
		{C12821E8-31C8-4B63-93FB-C9C75168D139}.Release|Any CPU.Build.0 = Release|Any CPU
		{394DC33E-F9B1-4FE7-8AA6-9A1C43AAE9CC}.Debug|Any CPU.ActiveCfg = Debug|Any CPU
		{394DC33E-F9B1-4FE7-8AA6-9A1C43AAE9CC}.Debug|Any CPU.Build.0 = Debug|Any CPU
		{394DC33E-F9B1-4FE7-8AA6-9A1C43AAE9CC}.Release|Any CPU.ActiveCfg = Release|Any CPU
		{394DC33E-F9B1-4FE7-8AA6-9A1C43AAE9CC}.Release|Any CPU.Build.0 = Release|Any CPU
		{9418E664-46A2-48CC-9E93-D616AD82F1A3}.Debug|Any CPU.ActiveCfg = Debug|Any CPU
		{9418E664-46A2-48CC-9E93-D616AD82F1A3}.Debug|Any CPU.Build.0 = Debug|Any CPU
		{9418E664-46A2-48CC-9E93-D616AD82F1A3}.Release|Any CPU.ActiveCfg = Release|Any CPU
		{9418E664-46A2-48CC-9E93-D616AD82F1A3}.Release|Any CPU.Build.0 = Release|Any CPU
		{B26262F9-2399-4DD4-85E3-BB298AAA0F6C}.Debug|Any CPU.ActiveCfg = Debug|Any CPU
		{B26262F9-2399-4DD4-85E3-BB298AAA0F6C}.Debug|Any CPU.Build.0 = Debug|Any CPU
		{B26262F9-2399-4DD4-85E3-BB298AAA0F6C}.Release|Any CPU.ActiveCfg = Release|Any CPU
		{B26262F9-2399-4DD4-85E3-BB298AAA0F6C}.Release|Any CPU.Build.0 = Release|Any CPU
		{FF68AB48-9E8C-47A0-9459-841DB640B1D6}.Debug|Any CPU.ActiveCfg = Debug|Any CPU
		{FF68AB48-9E8C-47A0-9459-841DB640B1D6}.Debug|Any CPU.Build.0 = Debug|Any CPU
		{FF68AB48-9E8C-47A0-9459-841DB640B1D6}.Release|Any CPU.ActiveCfg = Release|Any CPU
		{FF68AB48-9E8C-47A0-9459-841DB640B1D6}.Release|Any CPU.Build.0 = Release|Any CPU
	EndGlobalSection
EndGlobal
