
Microsoft Visual Studio Solution File, Format Version 12.00
Project("{FAE04EC0-301F-11D3-BF4B-00C04F79EFBC}") = "task1", "task1\task1.csproj", "{5777BB90-32D0-43EE-BD53-C58DCE27FF88}"
EndProject
Project("{FAE04EC0-301F-11D3-BF4B-00C04F79EFBC}") = "task2", "task2\task2.csproj", "{993892EA-78DB-410F-B9A4-5DDE5C3CFA0D}"
EndProject
Global
	GlobalSection(SolutionConfigurationPlatforms) = preSolution
		Debug|Any CPU = Debug|Any CPU
		Release|Any CPU = Release|Any CPU
	EndGlobalSection
	GlobalSection(ProjectConfigurationPlatforms) = postSolution
		{5777BB90-32D0-43EE-BD53-C58DCE27FF88}.Debug|Any CPU.ActiveCfg = Debug|Any CPU
		{5777BB90-32D0-43EE-BD53-C58DCE27FF88}.Debug|Any CPU.Build.0 = Debug|Any CPU
		{5777BB90-32D0-43EE-BD53-C58DCE27FF88}.Release|Any CPU.ActiveCfg = Release|Any CPU
		{5777BB90-32D0-43EE-BD53-C58DCE27FF88}.Release|Any CPU.Build.0 = Release|Any CPU
		{993892EA-78DB-410F-B9A4-5DDE5C3CFA0D}.Debug|Any CPU.ActiveCfg = Debug|Any CPU
		{993892EA-78DB-410F-B9A4-5DDE5C3CFA0D}.Debug|Any CPU.Build.0 = Debug|Any CPU
		{993892EA-78DB-410F-B9A4-5DDE5C3CFA0D}.Release|Any CPU.ActiveCfg = Release|Any CPU
		{993892EA-78DB-410F-B9A4-5DDE5C3CFA0D}.Release|Any CPU.Build.0 = Release|Any CPU
	EndGlobalSection
EndGlobal
